
Microsoft Visual Studio Solution File, Format Version 12.00
# Visual Studio Version 17
VisualStudioVersion = 17.9.34616.47
MinimumVisualStudioVersion = 10.0.40219.1
Project("{FAE04EC0-301F-11D3-BF4B-00C04F79EFBC}") = "tpmodul8_1302223054", "tpmodul8_1302223054.csproj", "{B2D5BA02-A439-45BC-BDAD-BF87D9F180F8}"
EndProject
Global
	GlobalSection(SolutionConfigurationPlatforms) = preSolution
		Debug|Any CPU = Debug|Any CPU
		Release|Any CPU = Release|Any CPU
	EndGlobalSection
	GlobalSection(ProjectConfigurationPlatforms) = postSolution
		{B2D5BA02-A439-45BC-BDAD-BF87D9F180F8}.Debug|Any CPU.ActiveCfg = Debug|Any CPU
		{B2D5BA02-A439-45BC-BDAD-BF87D9F180F8}.Debug|Any CPU.Build.0 = Debug|Any CPU
		{B2D5BA02-A439-45BC-BDAD-BF87D9F180F8}.Release|Any CPU.ActiveCfg = Release|Any CPU
		{B2D5BA02-A439-45BC-BDAD-BF87D9F180F8}.Release|Any CPU.Build.0 = Release|Any CPU
	EndGlobalSection
	GlobalSection(SolutionProperties) = preSolution
		HideSolutionNode = FALSE
	EndGlobalSection
	GlobalSection(ExtensibilityGlobals) = postSolution
		SolutionGuid = {C0B51323-714F-4317-9433-4D3406E49ECF}
	EndGlobalSection
EndGlobal
